// !$*UTF8*$!
{
	archiveVersion = 1;
	classes = {
	};
	objectVersion = 46;
	objects = {

/* Begin PBXBuildFile section */
		F522F4E01D89017C00A6B7AE /* AppDelegate.swift in Sources */ = {isa = PBXBuildFile; fileRef = F522F4DF1D89017C00A6B7AE /* AppDelegate.swift */; };
		F522F4E21D89017C00A6B7AE /* ViewController.swift in Sources */ = {isa = PBXBuildFile; fileRef = F522F4E11D89017C00A6B7AE /* ViewController.swift */; };
		F522F4E51D89017C00A6B7AE /* Main.storyboard in Resources */ = {isa = PBXBuildFile; fileRef = F522F4E31D89017C00A6B7AE /* Main.storyboard */; };
		F522F4E71D89017C00A6B7AE /* Assets.xcassets in Resources */ = {isa = PBXBuildFile; fileRef = F522F4E61D89017C00A6B7AE /* Assets.xcassets */; };
		F522F4EA1D89017C00A6B7AE /* LaunchScreen.storyboard in Resources */ = {isa = PBXBuildFile; fileRef = F522F4E81D89017C00A6B7AE /* LaunchScreen.storyboard */; };
		F5F7F9391D890EEF00A98D39 /* SettingsViewController.swift in Sources */ = {isa = PBXBuildFile; fileRef = F5F7F9381D890EEF00A98D39 /* SettingsViewController.swift */; };
/* End PBXBuildFile section */

/* Begin PBXFileReference section */
		F522F4DC1D89017C00A6B7AE /* Tips and Salsa.app */ = {isa = PBXFileReference; explicitFileType = wrapper.application; includeInIndex = 0; path = "Tips and Salsa.app"; sourceTree = BUILT_PRODUCTS_DIR; };
		F522F4DF1D89017C00A6B7AE /* AppDelegate.swift */ = {isa = PBXFileReference; lastKnownFileType = sourcecode.swift; path = AppDelegate.swift; sourceTree = "<group>"; };
		F522F4E11D89017C00A6B7AE /* ViewController.swift */ = {isa = PBXFileReference; lastKnownFileType = sourcecode.swift; path = ViewController.swift; sourceTree = "<group>"; };
		F522F4E41D89017C00A6B7AE /* Base */ = {isa = PBXFileReference; lastKnownFileType = file.storyboard; name = Base; path = Base.lproj/Main.storyboard; sourceTree = "<group>"; };
		F522F4E61D89017C00A6B7AE /* Assets.xcassets */ = {isa = PBXFileReference; lastKnownFileType = folder.assetcatalog; path = Assets.xcassets; sourceTree = "<group>"; };
		F522F4E91D89017C00A6B7AE /* Base */ = {isa = PBXFileReference; lastKnownFileType = file.storyboard; name = Base; path = Base.lproj/LaunchScreen.storyboard; sourceTree = "<group>"; };
		F522F4EB1D89017C00A6B7AE /* Info.plist */ = {isa = PBXFileReference; lastKnownFileType = text.plist.xml; path = Info.plist; sourceTree = "<group>"; };
		F5F7F9381D890EEF00A98D39 /* SettingsViewController.swift */ = {isa = PBXFileReference; fileEncoding = 4; lastKnownFileType = sourcecode.swift; path = SettingsViewController.swift; sourceTree = "<group>"; };
/* End PBXFileReference section */

/* Begin PBXFrameworksBuildPhase section */
		F522F4D91D89017C00A6B7AE /* Frameworks */ = {
			isa = PBXFrameworksBuildPhase;
			buildActionMask = 2147483647;
			files = (
			);
			runOnlyForDeploymentPostprocessing = 0;
		};
/* End PBXFrameworksBuildPhase section */

/* Begin PBXGroup section */
		F522F4D31D89017C00A6B7AE = {
			isa = PBXGroup;
			children = (
				F522F4DE1D89017C00A6B7AE /* Tips and Salsa */,
				F522F4DD1D89017C00A6B7AE /* Products */,
			);
			sourceTree = "<group>";
		};
		F522F4DD1D89017C00A6B7AE /* Products */ = {
			isa = PBXGroup;
			children = (
				F522F4DC1D89017C00A6B7AE /* Tips and Salsa.app */,
			);
			name = Products;
			sourceTree = "<group>";
		};
		F522F4DE1D89017C00A6B7AE /* Tips and Salsa */ = {
			isa = PBXGroup;
			children = (
				F522F4DF1D89017C00A6B7AE /* AppDelegate.swift */,
				F522F4E11D89017C00A6B7AE /* ViewController.swift */,
				F522F4E31D89017C00A6B7AE /* Main.storyboard */,
				F5F7F9381D890EEF00A98D39 /* SettingsViewController.swift */,
				F522F4E61D89017C00A6B7AE /* Assets.xcassets */,
				F522F4E81D89017C00A6B7AE /* LaunchScreen.storyboard */,
				F522F4EB1D89017C00A6B7AE /* Info.plist */,
			);
			path = "Tips and Salsa";
			sourceTree = "<group>";
		};
/* End PBXGroup section */

/* Begin PBXNativeTarget section */
		F522F4DB1D89017C00A6B7AE /* Tips and Salsa */ = {
			isa = PBXNativeTarget;
			buildConfigurationList = F522F4EE1D89017C00A6B7AE /* Build configuration list for PBXNativeTarget "Tips and Salsa" */;
			buildPhases = (
				F522F4D81D89017C00A6B7AE /* Sources */,
				F522F4D91D89017C00A6B7AE /* Frameworks */,
				F522F4DA1D89017C00A6B7AE /* Resources */,
			);
			buildRules = (
			);
			dependencies = (
			);
			name = "Tips and Salsa";
			productName = "Tips and Salsa";
			productReference = F522F4DC1D89017C00A6B7AE /* Tips and Salsa.app */;
			productType = "com.apple.product-type.application";
		};
/* End PBXNativeTarget section */

/* Begin PBXProject section */
		F522F4D41D89017C00A6B7AE /* Project object */ = {
			isa = PBXProject;
			attributes = {
				LastSwiftUpdateCheck = 0730;
				LastUpgradeCheck = 0730;
				ORGANIZATIONNAME = "USC SCOPE";
				TargetAttributes = {
					F522F4DB1D89017C00A6B7AE = {
						CreatedOnToolsVersion = 7.3.1;
						LastSwiftMigration = 0800;
					};
				};
			};
			buildConfigurationList = F522F4D71D89017C00A6B7AE /* Build configuration list for PBXProject "Tips and Salsa" */;
			compatibilityVersion = "Xcode 3.2";
			developmentRegion = English;
			hasScannedForEncodings = 0;
			knownRegions = (
				en,
				Base,
			);
			mainGroup = F522F4D31D89017C00A6B7AE;
			productRefGroup = F522F4DD1D89017C00A6B7AE /* Products */;
			projectDirPath = "";
			projectRoot = "";
			targets = (
				F522F4DB1D89017C00A6B7AE /* Tips and Salsa */,
			);
		};
/* End PBXProject section */

/* Begin PBXResourcesBuildPhase section */
		F522F4DA1D89017C00A6B7AE /* Resources */ = {
			isa = PBXResourcesBuildPhase;
			buildActionMask = 2147483647;
			files = (
				F522F4EA1D89017C00A6B7AE /* LaunchScreen.storyboard in Resources */,
				F522F4E71D89017C00A6B7AE /* Assets.xcassets in Resources */,
				F522F4E51D89017C00A6B7AE /* Main.storyboard in Resources */,
			);
			runOnlyForDeploymentPostprocessing = 0;
		};
/* End PBXResourcesBuildPhase section */

/* Begin PBXSourcesBuildPhase section */
		F522F4D81D89017C00A6B7AE /* Sources */ = {
			isa = PBXSourcesBuildPhase;
			buildActionMask = 2147483647;
			files = (
				F522F4E21D89017C00A6B7AE /* ViewController.swift in Sources */,
				F522F4E01D89017C00A6B7AE /* AppDelegate.swift in Sources */,
				F5F7F9391D890EEF00A98D39 /* SettingsViewController.swift in Sources */,
			);
			runOnlyForDeploymentPostprocessing = 0;
		};
/* End PBXSourcesBuildPhase section */

/* Begin PBXVariantGroup section */
		F522F4E31D89017C00A6B7AE /* Main.storyboard */ = {
			isa = PBXVariantGroup;
			children = (
				F522F4E41D89017C00A6B7AE /* Base */,
			);
			name = Main.storyboard;
			sourceTree = "<group>";
		};
		F522F4E81D89017C00A6B7AE /* LaunchScreen.storyboard */ = {
			isa = PBXVariantGroup;
			children = (
				F522F4E91D89017C00A6B7AE /* Base */,
			);
			name = LaunchScreen.storyboard;
			sourceTree = "<group>";
		};
/* End PBXVariantGroup section */

/* Begin XCBuildConfiguration section */
		F522F4EC1D89017C00A6B7AE /* Debug */ = {
			isa = XCBuildConfiguration;
			buildSettings = {
				ALWAYS_SEARCH_USER_PATHS = NO;
				CLANG_ANALYZER_NONNULL = YES;
				CLANG_CXX_LANGUAGE_STANDARD = "gnu++0x";
				CLANG_CXX_LIBRARY = "libc++";
				CLANG_ENABLE_MODULES = YES;
				CLANG_ENABLE_OBJC_ARC = YES;
				CLANG_WARN_BOOL_CONVERSION = YES;
				CLANG_WARN_CONSTANT_CONVERSION = YES;
				CLANG_WARN_DIRECT_OBJC_ISA_USAGE = YES_ERROR;
				CLANG_WARN_EMPTY_BODY = YES;
				CLANG_WARN_ENUM_CONVERSION = YES;
				CLANG_WARN_INT_CONVERSION = YES;
				CLANG_WARN_OBJC_ROOT_CLASS = YES_ERROR;
				CLANG_WARN_UNREACHABLE_CODE = YES;
				CLANG_WARN__DUPLICATE_METHOD_MATCH = YES;
				"CODE_SIGN_IDENTITY[sdk=iphoneos*]" = "iPhone Developer";
				COPY_PHASE_STRIP = NO;
				DEBUG_INFORMATION_FORMAT = dwarf;
				ENABLE_STRICT_OBJC_MSGSEND = YES;
				ENABLE_TESTABILITY = YES;
				GCC_C_LANGUAGE_STANDARD = gnu99;
				GCC_DYNAMIC_NO_PIC = NO;
				GCC_NO_COMMON_BLOCKS = YES;
				GCC_OPTIMIZATION_LEVEL = 0;
				GCC_PREPROCESSOR_DEFINITIONS = (
					"DEBUG=1",
					"$(inherited)",
				);
				GCC_WARN_64_TO_32_BIT_CONVERSION = YES;
				GCC_WARN_ABOUT_RETURN_TYPE = YES_ERROR;
				GCC_WARN_UNDECLARED_SELECTOR = YES;
				GCC_WARN_UNINITIALIZED_AUTOS = YES_AGGRESSIVE;
				GCC_WARN_UNUSED_FUNCTION = YES;
				GCC_WARN_UNUSED_VARIABLE = YES;
				IPHONEOS_DEPLOYMENT_TARGET = 9.3;
				MTL_ENABLE_DEBUG_INFO = YES;
				ONLY_ACTIVE_ARCH = YES;
				SDKROOT = iphoneos;
				SWIFT_OPTIMIZATION_LEVEL = "-Onone";
			};
			name = Debug;
		};
		F522F4ED1D89017C00A6B7AE /* Release */ = {
			isa = XCBuildConfiguration;
			buildSettings = {
				ALWAYS_SEARCH_USER_PATHS = NO;
				CLANG_ANALYZER_NONNULL = YES;
				CLANG_CXX_LANGUAGE_STANDARD = "gnu++0x";
				CLANG_CXX_LIBRARY = "libc++";
				CLANG_ENABLE_MODULES = YES;
				CLANG_ENABLE_OBJC_ARC = YES;
				CLANG_WARN_BOOL_CONVERSION = YES;
				CLANG_WARN_CONSTANT_CONVERSION = YES;
				CLANG_WARN_DIRECT_OBJC_ISA_USAGE = YES_ERROR;
				CLANG_WARN_EMPTY_BODY = YES;
				CLANG_WARN_ENUM_CONVERSION = YES;
				CLANG_WARN_INT_CONVERSION = YES;
				CLANG_WARN_OBJC_ROOT_CLASS = YES_ERROR;
				CLANG_WARN_UNREACHABLE_CODE = YES;
				CLANG_WARN__DUPLICATE_METHOD_MATCH = YES;
				"CODE_SIGN_IDENTITY[sdk=iphoneos*]" = "iPhone Developer";
				COPY_PHASE_STRIP = NO;
				DEBUG_INFORMATION_FORMAT = "dwarf-with-dsym";
				ENABLE_NS_ASSERTIONS = NO;
				ENABLE_STRICT_OBJC_MSGSEND = YES;
				GCC_C_LANGUAGE_STANDARD = gnu99;
				GCC_NO_COMMON_BLOCKS = YES;
				GCC_WARN_64_TO_32_BIT_CONVERSION = YES;
				GCC_WARN_ABOUT_RETURN_TYPE = YES_ERROR;
				GCC_WARN_UNDECLARED_SELECTOR = YES;
				GCC_WARN_UNINITIALIZED_AUTOS = YES_AGGRESSIVE;
				GCC_WARN_UNUSED_FUNCTION = YES;
				GCC_WARN_UNUSED_VARIABLE = YES;
				IPHONEOS_DEPLOYMENT_TARGET = 9.3;
				MTL_ENABLE_DEBUG_INFO = NO;
				SDKROOT = iphoneos;
				VALIDATE_PRODUCT = YES;
			};
			name = Release;
		};
		F522F4EF1D89017C00A6B7AE /* Debug */ = {
			isa = XCBuildConfiguration;
			buildSettings = {
				ASSETCATALOG_COMPILER_APPICON_NAME = AppIcon;
				INFOPLIST_FILE = "Tips and Salsa/Info.plist";
				LD_RUNPATH_SEARCH_PATHS = "$(inherited) @executable_path/Frameworks";
				PRODUCT_BUNDLE_IDENTIFIER = "com.uscscope.Tips-and-Salsa";
				PRODUCT_NAME = "$(TARGET_NAME)";
				SWIFT_VERSION = 3.0;
			};
			name = Debug;
		};
		F522F4F01D89017C00A6B7AE /* Release */ = {
			isa = XCBuildConfiguration;
			buildSettings = {
				ASSETCATALOG_COMPILER_APPICON_NAME = AppIcon;
				INFOPLIST_FILE = "Tips and Salsa/Info.plist";
				LD_RUNPATH_SEARCH_PATHS = "$(inherited) @executable_path/Frameworks";
				PRODUCT_BUNDLE_IDENTIFIER = "com.uscscope.Tips-and-Salsa";
				PRODUCT_NAME = "$(TARGET_NAME)";
				SWIFT_VERSION = 3.0;
			};
			name = Release;
		};
/* End XCBuildConfiguration section */

/* Begin XCConfigurationList section */
		F522F4D71D89017C00A6B7AE /* Build configuration list for PBXProject "Tips and Salsa" */ = {
			isa = XCConfigurationList;
			buildConfigurations = (
				F522F4EC1D89017C00A6B7AE /* Debug */,
				F522F4ED1D89017C00A6B7AE /* Release */,
			);
			defaultConfigurationIsVisible = 0;
			defaultConfigurationName = Release;
		};
		F522F4EE1D89017C00A6B7AE /* Build configuration list for PBXNativeTarget "Tips and Salsa" */ = {
			isa = XCConfigurationList;
			buildConfigurations = (
				F522F4EF1D89017C00A6B7AE /* Debug */,
				F522F4F01D89017C00A6B7AE /* Release */,
			);
			defaultConfigurationIsVisible = 0;
			defaultConfigurationName = Release;
		};
/* End XCConfigurationList section */
	};
	rootObject = F522F4D41D89017C00A6B7AE /* Project object */;
}
